Microsoft Visual Studio Solution File, Format Version 12.00
# Visual Studio Version 16
VisualStudioVersion = 16.0.29209.62
MinimumVisualStudioVersion = 10.0.40219.1
Project("{8BC9CEB8-8B4A-11D0-8D11-00A0C91BC942}") = "MemoryManager", "MemoryManager\MemoryManager.vcxproj", "{2FEF1C76-9E4A-4921-B2D3-E536DA918810}"
EndProject
Project("{8BC9CEB8-8B4A-11D0-8D11-00A0C91BC942}") = "w3dmaxtools", "w3dmaxtools\w3dmaxtools.vcxproj", "{761BC325-9FC4-4627-A61C-DDC37C364801}"
EndProject
Project("{8BC9CEB8-8B4A-11D0-8D11-00A0C91BC942}") = "wdump", "wdump\wdump.vcxproj", "{32D28FAC-6310-498E-BB82-40C9D715C0AC}"
EndProject
Project("{8BC9CEB8-8B4A-11D0-8D11-00A0C91BC942}") = "w3xmaxtools", "w3xmaxtools\w3xmaxtools.vcxproj", "{0486CEB9-6FCA-49F2-AF48-7EB6B829937F}"
EndProject
Global
	GlobalSection(SolutionConfigurationPlatforms) = preSolution
		ASan|Any CPU = ASan|Any CPU
		ASan|Mixed Platforms = ASan|Mixed Platforms
		ASan|Win32 = ASan|Win32
		ASan|x64 = ASan|x64
		Debug|Any CPU = Debug|Any CPU
		Debug|Mixed Platforms = Debug|Mixed Platforms
		Debug|Win32 = Debug|Win32
		Debug|x64 = Debug|x64
		Profile|Any CPU = Profile|Any CPU
		Profile|Mixed Platforms = Profile|Mixed Platforms
		Profile|Win32 = Profile|Win32
		Profile|x64 = Profile|x64
		Release|Any CPU = Release|Any CPU
		Release|Mixed Platforms = Release|Mixed Platforms
		Release|Win32 = Release|Win32
		Release|x64 = Release|x64
	EndGlobalSection
	GlobalSection(ProjectConfigurationPlatforms) = postSolution
		{2FEF1C76-9E4A-4921-B2D3-E536DA918810}.ASan|Any CPU.ActiveCfg = ASan|Win32
		{2FEF1C76-9E4A-4921-B2D3-E536DA918810}.ASan|Mixed Platforms.ActiveCfg = ASan|Win32
		{2FEF1C76-9E4A-4921-B2D3-E536DA918810}.ASan|Mixed Platforms.Build.0 = ASan|Win32
		{2FEF1C76-9E4A-4921-B2D3-E536DA918810}.ASan|Win32.ActiveCfg = ASan|Win32
		{2FEF1C76-9E4A-4921-B2D3-E536DA918810}.ASan|Win32.Build.0 = ASan|Win32
		{2FEF1C76-9E4A-4921-B2D3-E536DA918810}.ASan|x64.ActiveCfg = ASan|x64
		{2FEF1C76-9E4A-4921-B2D3-E536DA918810}.ASan|x64.Build.0 = ASan|x64
		{2FEF1C76-9E4A-4921-B2D3-E536DA918810}.Debug|Any CPU.ActiveCfg = Debug|Win32
		{2FEF1C76-9E4A-4921-B2D3-E536DA918810}.Debug|Mixed Platforms.ActiveCfg = Debug|Win32
		{2FEF1C76-9E4A-4921-B2D3-E536DA918810}.Debug|Mixed Platforms.Build.0 = Debug|Win32
		{2FEF1C76-9E4A-4921-B2D3-E536DA918810}.Debug|Win32.ActiveCfg = Debug|Win32
		{2FEF1C76-9E4A-4921-B2D3-E536DA918810}.Debug|Win32.Build.0 = Debug|Win32
		{2FEF1C76-9E4A-4921-B2D3-E536DA918810}.Debug|x64.ActiveCfg = Debug|x64
		{2FEF1C76-9E4A-4921-B2D3-E536DA918810}.Debug|x64.Build.0 = Debug|x64
		{2FEF1C76-9E4A-4921-B2D3-E536DA918810}.Profile|Any CPU.ActiveCfg = Profile|Win32
		{2FEF1C76-9E4A-4921-B2D3-E536DA918810}.Profile|Mixed Platforms.ActiveCfg = Profile|Win32
		{2FEF1C76-9E4A-4921-B2D3-E536DA918810}.Profile|Mixed Platforms.Build.0 = Profile|Win32
		{2FEF1C76-9E4A-4921-B2D3-E536DA918810}.Profile|Win32.ActiveCfg = Profile|Win32
		{2FEF1C76-9E4A-4921-B2D3-E536DA918810}.Profile|Win32.Build.0 = Profile|Win32
		{2FEF1C76-9E4A-4921-B2D3-E536DA918810}.Profile|x64.ActiveCfg = Profile|x64
		{2FEF1C76-9E4A-4921-B2D3-E536DA918810}.Profile|x64.Build.0 = Profile|x64
		{2FEF1C76-9E4A-4921-B2D3-E536DA918810}.Release|Any CPU.ActiveCfg = Release|Win32
		{2FEF1C76-9E4A-4921-B2D3-E536DA918810}.Release|Mixed Platforms.ActiveCfg = Release|Win32
		{2FEF1C76-9E4A-4921-B2D3-E536DA918810}.Release|Mixed Platforms.Build.0 = Release|Win32
		{2FEF1C76-9E4A-4921-B2D3-E536DA918810}.Release|Win32.ActiveCfg = Release|Win32
		{2FEF1C76-9E4A-4921-B2D3-E536DA918810}.Release|Win32.Build.0 = Release|Win32
		{2FEF1C76-9E4A-4921-B2D3-E536DA918810}.Release|x64.ActiveCfg = Release|x64
		{2FEF1C76-9E4A-4921-B2D3-E536DA918810}.Release|x64.Build.0 = Release|x64
		{761BC325-9FC4-4627-A61C-DDC37C364801}.ASan|Any CPU.ActiveCfg = ASan|x64
		{761BC325-9FC4-4627-A61C-DDC37C364801}.ASan|Mixed Platforms.ActiveCfg = ASan|x64
		{761BC325-9FC4-4627-A61C-DDC37C364801}.ASan|Mixed Platforms.Build.0 = ASan|x64
		{761BC325-9FC4-4627-A61C-DDC37C364801}.ASan|Win32.ActiveCfg = ASan|x64
		{761BC325-9FC4-4627-A61C-DDC37C364801}.ASan|x64.ActiveCfg = ASan|x64
		{761BC325-9FC4-4627-A61C-DDC37C364801}.ASan|x64.Build.0 = ASan|x64
		{761BC325-9FC4-4627-A61C-DDC37C364801}.Debug|Any CPU.ActiveCfg = Debug|x64
		{761BC325-9FC4-4627-A61C-DDC37C364801}.Debug|Any CPU.Build.0 = Debug|x64
		{761BC325-9FC4-4627-A61C-DDC37C364801}.Debug|Mixed Platforms.ActiveCfg = Debug|x64
		{761BC325-9FC4-4627-A61C-DDC37C364801}.Debug|Mixed Platforms.Build.0 = Debug|x64
		{761BC325-9FC4-4627-A61C-DDC37C364801}.Debug|Win32.ActiveCfg = Debug|x64
		{761BC325-9FC4-4627-A61C-DDC37C364801}.Debug|Win32.Build.0 = Debug|x64
		{761BC325-9FC4-4627-A61C-DDC37C364801}.Debug|x64.ActiveCfg = Debug|x64
		{761BC325-9FC4-4627-A61C-DDC37C364801}.Debug|x64.Build.0 = Debug|x64
		{761BC325-9FC4-4627-A61C-DDC37C364801}.Profile|Any CPU.ActiveCfg = Release|x64
		{761BC325-9FC4-4627-A61C-DDC37C364801}.Profile|Any CPU.Build.0 = Release|x64
		{761BC325-9FC4-4627-A61C-DDC37C364801}.Profile|Mixed Platforms.ActiveCfg = Release|x64
		{761BC325-9FC4-4627-A61C-DDC37C364801}.Profile|Mixed Platforms.Build.0 = Release|x64
		{761BC325-9FC4-4627-A61C-DDC37C364801}.Profile|Win32.ActiveCfg = Release|x64
		{761BC325-9FC4-4627-A61C-DDC37C364801}.Profile|x64.ActiveCfg = Profile|x64
		{761BC325-9FC4-4627-A61C-DDC37C364801}.Profile|x64.Build.0 = Profile|x64
		{761BC325-9FC4-4627-A61C-DDC37C364801}.Release|Any CPU.ActiveCfg = Release|x64
		{761BC325-9FC4-4627-A61C-DDC37C364801}.Release|Any CPU.Build.0 = Release|x64
		{761BC325-9FC4-4627-A61C-DDC37C364801}.Release|Mixed Platforms.ActiveCfg = Release|x64
		{761BC325-9FC4-4627-A61C-DDC37C364801}.Release|Mixed Platforms.Build.0 = Release|x64
		{761BC325-9FC4-4627-A61C-DDC37C364801}.Release|Win32.ActiveCfg = Release|x64
		{761BC325-9FC4-4627-A61C-DDC37C364801}.Release|Win32.Build.0 = Release|x64
		{761BC325-9FC4-4627-A61C-DDC37C364801}.Release|x64.ActiveCfg = Release|x64
		{761BC325-9FC4-4627-A61C-DDC37C364801}.Release|x64.Build.0 = Release|x64
		{32D28FAC-6310-498E-BB82-40C9D715C0AC}.ASan|Any CPU.ActiveCfg = ASan|Win32
		{32D28FAC-6310-498E-BB82-40C9D715C0AC}.ASan|Mixed Platforms.ActiveCfg = ASan|Win32
		{32D28FAC-6310-498E-BB82-40C9D715C0AC}.ASan|Mixed Platforms.Build.0 = ASan|Win32
		{32D28FAC-6310-498E-BB82-40C9D715C0AC}.ASan|Win32.ActiveCfg = ASan|Win32
		{32D28FAC-6310-498E-BB82-40C9D715C0AC}.ASan|Win32.Build.0 = ASan|Win32
		{32D28FAC-6310-498E-BB82-40C9D715C0AC}.ASan|x64.ActiveCfg = ASan|x64
		{32D28FAC-6310-498E-BB82-40C9D715C0AC}.ASan|x64.Build.0 = ASan|x64
		{32D28FAC-6310-498E-BB82-40C9D715C0AC}.Debug|Any CPU.ActiveCfg = Debug|Win32
		{32D28FAC-6310-498E-BB82-40C9D715C0AC}.Debug|Mixed Platforms.ActiveCfg = Debug|Win32
		{32D28FAC-6310-498E-BB82-40C9D715C0AC}.Debug|Mixed Platforms.Build.0 = Debug|Win32
		{32D28FAC-6310-498E-BB82-40C9D715C0AC}.Debug|Win32.ActiveCfg = Debug|Win32
		{32D28FAC-6310-498E-BB82-40C9D715C0AC}.Debug|Win32.Build.0 = Debug|Win32
		{32D28FAC-6310-498E-BB82-40C9D715C0AC}.Debug|x64.ActiveCfg = Debug|x64
		{32D28FAC-6310-498E-BB82-40C9D715C0AC}.Debug|x64.Build.0 = Debug|x64
		{32D28FAC-6310-498E-BB82-40C9D715C0AC}.Profile|Any CPU.ActiveCfg = Release|Win32
		{32D28FAC-6310-498E-BB82-40C9D715C0AC}.Profile|Any CPU.Build.0 = Release|Win32
		{32D28FAC-6310-498E-BB82-40C9D715C0AC}.Profile|Mixed Platforms.ActiveCfg = Release|Win32
		{32D28FAC-6310-498E-BB82-40C9D715C0AC}.Profile|Mixed Platforms.Build.0 = Release|Win32
		{32D28FAC-6310-498E-BB82-40C9D715C0AC}.Profile|Win32.ActiveCfg = Release|Win32
		{32D28FAC-6310-498E-BB82-40C9D715C0AC}.Profile|Win32.Build.0 = Release|Win32
		{32D28FAC-6310-498E-BB82-40C9D715C0AC}.Profile|x64.ActiveCfg = Release|x64
		{32D28FAC-6310-498E-BB82-40C9D715C0AC}.Profile|x64.Build.0 = Release|x64
		{32D28FAC-6310-498E-BB82-40C9D715C0AC}.Release|Any CPU.ActiveCfg = Release|Win32
		{32D28FAC-6310-498E-BB82-40C9D715C0AC}.Release|Mixed Platforms.ActiveCfg = Release|Win32
		{32D28FAC-6310-498E-BB82-40C9D715C0AC}.Release|Mixed Platforms.Build.0 = Release|Win32
		{32D28FAC-6310-498E-BB82-40C9D715C0AC}.Release|Win32.ActiveCfg = Release|Win32
		{32D28FAC-6310-498E-BB82-40C9D715C0AC}.Release|Win32.Build.0 = Release|Win32
		{32D28FAC-6310-498E-BB82-40C9D715C0AC}.Release|x64.ActiveCfg = Release|x64
		{32D28FAC-6310-498E-BB82-40C9D715C0AC}.Release|x64.Build.0 = Release|x64
		{0486CEB9-6FCA-49F2-AF48-7EB6B829937F}.ASan|Any CPU.ActiveCfg = ASan|x64
		{0486CEB9-6FCA-49F2-AF48-7EB6B829937F}.ASan|Mixed Platforms.ActiveCfg = ASan|x64
		{0486CEB9-6FCA-49F2-AF48-7EB6B829937F}.ASan|Mixed Platforms.Build.0 = ASan|x64
		{0486CEB9-6FCA-49F2-AF48-7EB6B829937F}.ASan|Win32.ActiveCfg = ASan|x64
		{0486CEB9-6FCA-49F2-AF48-7EB6B829937F}.ASan|x64.ActiveCfg = ASan|x64
		{0486CEB9-6FCA-49F2-AF48-7EB6B829937F}.ASan|x64.Build.0 = ASan|x64
		{0486CEB9-6FCA-49F2-AF48-7EB6B829937F}.Debug|Any CPU.ActiveCfg = Debug|x64
		{0486CEB9-6FCA-49F2-AF48-7EB6B829937F}.Debug|Any CPU.Build.0 = Debug|x64
		{0486CEB9-6FCA-49F2-AF48-7EB6B829937F}.Debug|Mixed Platforms.ActiveCfg = Debug|x64
		{0486CEB9-6FCA-49F2-AF48-7EB6B829937F}.Debug|Mixed Platforms.Build.0 = Debug|x64
		{0486CEB9-6FCA-49F2-AF48-7EB6B829937F}.Debug|Win32.ActiveCfg = Debug|x64
		{0486CEB9-6FCA-49F2-AF48-7EB6B829937F}.Debug|Win32.Build.0 = Debug|x64
		{0486CEB9-6FCA-49F2-AF48-7EB6B829937F}.Debug|x64.ActiveCfg = Debug|x64
		{0486CEB9-6FCA-49F2-AF48-7EB6B829937F}.Debug|x64.Build.0 = Debug|x64
		{0486CEB9-6FCA-49F2-AF48-7EB6B829937F}.Profile|Any CPU.ActiveCfg = Release|x64
		{0486CEB9-6FCA-49F2-AF48-7EB6B829937F}.Profile|Any CPU.Build.0 = Release|x64
		{0486CEB9-6FCA-49F2-AF48-7EB6B829937F}.Profile|Mixed Platforms.ActiveCfg = Release|x64
		{0486CEB9-6FCA-49F2-AF48-7EB6B829937F}.Profile|Mixed Platforms.Build.0 = Release|x64
		{0486CEB9-6FCA-49F2-AF48-7EB6B829937F}.Profile|Win32.ActiveCfg = Release|x64
		{0486CEB9-6FCA-49F2-AF48-7EB6B829937F}.Profile|x64.ActiveCfg = Release|x64
		{0486CEB9-6FCA-49F2-AF48-7EB6B829937F}.Release|Any CPU.ActiveCfg = Release|x64
		{0486CEB9-6FCA-49F2-AF48-7EB6B829937F}.Release|Any CPU.Build.0 = Release|x64
		{0486CEB9-6FCA-49F2-AF48-7EB6B829937F}.Release|Mixed Platforms.ActiveCfg = Release|x64
		{0486CEB9-6FCA-49F2-AF48-7EB6B829937F}.Release|Mixed Platforms.Build.0 = Release|x64
		{0486CEB9-6FCA-49F2-AF48-7EB6B829937F}.Release|Win32.ActiveCfg = Release|x64
		{0486CEB9-6FCA-49F2-AF48-7EB6B829937F}.Release|Win32.Build.0 = Release|x64
		{0486CEB9-6FCA-49F2-AF48-7EB6B829937F}.Release|x64.ActiveCfg = Release|x64
		{0486CEB9-6FCA-49F2-AF48-7EB6B829937F}.Release|x64.Build.0 = Release|x64
	EndGlobalSection
	GlobalSection(SolutionProperties) = preSolution
		HideSolutionNode = FALSE
	EndGlobalSection
	GlobalSection(ExtensibilityGlobals) = postSolution
		SolutionGuid = {AD35B820-5BE7-46F8-94A6-73FE4D2A9D87}
	EndGlobalSection
EndGlobal
